// !$*UTF8*$!
{
	archiveVersion = 1;
	classes = {
	};
	objectVersion = 51;
	objects = {

/* Begin PBXBuildFile section */
		AA697DD9257F46EC00F76AEF /* AppDelegate.swift in Sources */ = {isa = PBXBuildFile; fileRef = AA697DD8257F46EC00F76AEF /* AppDelegate.swift */; };
		AA697DDB257F46EC00F76AEF /* SceneDelegate.swift in Sources */ = {isa = PBXBuildFile; fileRef = AA697DDA257F46EC00F76AEF /* SceneDelegate.swift */; };
		AA697DDD257F46EC00F76AEF /* ViewController.swift in Sources */ = {isa = PBXBuildFile; fileRef = AA697DDC257F46EC00F76AEF /* ViewController.swift */; };
		AA697DE0257F46EC00F76AEF /* Main.storyboard in Resources */ = {isa = PBXBuildFile; fileRef = AA697DDE257F46EC00F76AEF /* Main.storyboard */; };
		AA697DE2257F46F700F76AEF /* Assets.xcassets in Resources */ = {isa = PBXBuildFile; fileRef = AA697DE1257F46F700F76AEF /* Assets.xcassets */; };
		AA697DE5257F46F700F76AEF /* LaunchScreen.storyboard in Resources */ = {isa = PBXBuildFile; fileRef = AA697DE3257F46F700F76AEF /* LaunchScreen.storyboard */; };
		AA697DFF257F498A00F76AEF /* GoogleService-Info.plist in Resources */ = {isa = PBXBuildFile; fileRef = AA697DFE257F498A00F76AEF /* GoogleService-Info.plist */; };
		AA697E02258053F700F76AEF /* SpeechViewController.swift in Sources */ = {isa = PBXBuildFile; fileRef = AA697E01258053F700F76AEF /* SpeechViewController.swift */; };
		AA697E052580933200F76AEF /* GoogleSheetsIntegration.swift in Sources */ = {isa = PBXBuildFile; fileRef = AA697E042580933200F76AEF /* GoogleSheetsIntegration.swift */; };
		AA982A4D25846CE200B0BDAB /* Aranet4ViewController.swift in Sources */ = {isa = PBXBuildFile; fileRef = AA982A4C25846CE200B0BDAB /* Aranet4ViewController.swift */; };
		AA982A5025846D7900B0BDAB /* LocationViewController.swift in Sources */ = {isa = PBXBuildFile; fileRef = AA982A4F25846D7900B0BDAB /* LocationViewController.swift */; };
		E136B3B0C0F6B5122585ED07 /* Pods_SensorV001.framework in Frameworks */ = {isa = PBXBuildFile; fileRef = BB107CBFB38C62B50DF21158 /* Pods_SensorV001.framework */; };
/* End PBXBuildFile section */

/* Begin PBXFileReference section */
		AA697DD5257F46EC00F76AEF /* SensorV001.app */ = {isa = PBXFileReference; explicitFileType = wrapper.application; includeInIndex = 0; path = SensorV001.app; sourceTree = BUILT_PRODUCTS_DIR; };
		AA697DD8257F46EC00F76AEF /* AppDelegate.swift */ = {isa = PBXFileReference; lastKnownFileType = sourcecode.swift; path = AppDelegate.swift; sourceTree = "<group>"; };
		AA697DDA257F46EC00F76AEF /* SceneDelegate.swift */ = {isa = PBXFileReference; lastKnownFileType = sourcecode.swift; path = SceneDelegate.swift; sourceTree = "<group>"; };
		AA697DDC257F46EC00F76AEF /* ViewController.swift */ = {isa = PBXFileReference; lastKnownFileType = sourcecode.swift; path = ViewController.swift; sourceTree = "<group>"; };
		AA697DDF257F46EC00F76AEF /* Base */ = {isa = PBXFileReference; lastKnownFileType = file.storyboard; name = Base; path = Base.lproj/Main.storyboard; sourceTree = "<group>"; };
		AA697DE1257F46F700F76AEF /* Assets.xcassets */ = {isa = PBXFileReference; lastKnownFileType = folder.assetcatalog; path = Assets.xcassets; sourceTree = "<group>"; };
		AA697DE4257F46F700F76AEF /* Base */ = {isa = PBXFileReference; lastKnownFileType = file.storyboard; name = Base; path = Base.lproj/LaunchScreen.storyboard; sourceTree = "<group>"; };
		AA697DE6257F46F700F76AEF /* Info.plist */ = {isa = PBXFileReference; lastKnownFileType = text.plist.xml; path = Info.plist; sourceTree = "<group>"; };
		AA697DFE257F498A00F76AEF /* GoogleService-Info.plist */ = {isa = PBXFileReference; fileEncoding = 4; lastKnownFileType = text.plist.xml; path = "GoogleService-Info.plist"; sourceTree = "<group>"; };
		AA697E01258053F700F76AEF /* SpeechViewController.swift */ = {isa = PBXFileReference; lastKnownFileType = sourcecode.swift; path = SpeechViewController.swift; sourceTree = "<group>"; };
		AA697E042580933200F76AEF /* GoogleSheetsIntegration.swift */ = {isa = PBXFileReference; lastKnownFileType = sourcecode.swift; path = GoogleSheetsIntegration.swift; sourceTree = "<group>"; };
		AA982A4C25846CE200B0BDAB /* Aranet4ViewController.swift */ = {isa = PBXFileReference; lastKnownFileType = sourcecode.swift; path = Aranet4ViewController.swift; sourceTree = "<group>"; };
		AA982A4F25846D7900B0BDAB /* LocationViewController.swift */ = {isa = PBXFileReference; lastKnownFileType = sourcecode.swift; path = LocationViewController.swift; sourceTree = "<group>"; };
		ACADC0BEBC1BEF9C03A39E53 /* Pods-SensorV001.debug.xcconfig */ = {isa = PBXFileReference; includeInIndex = 1; lastKnownFileType = text.xcconfig; name = "Pods-SensorV001.debug.xcconfig"; path = "Target Support Files/Pods-SensorV001/Pods-SensorV001.debug.xcconfig"; sourceTree = "<group>"; };
		B22957370AB4057AAFC0EFE5 /* Pods-SensorV001.release.xcconfig */ = {isa = PBXFileReference; includeInIndex = 1; lastKnownFileType = text.xcconfig; name = "Pods-SensorV001.release.xcconfig"; path = "Target Support Files/Pods-SensorV001/Pods-SensorV001.release.xcconfig"; sourceTree = "<group>"; };
		BB107CBFB38C62B50DF21158 /* Pods_SensorV001.framework */ = {isa = PBXFileReference; explicitFileType = wrapper.framework; includeInIndex = 0; path = Pods_SensorV001.framework; sourceTree = BUILT_PRODUCTS_DIR; };
/* End PBXFileReference section */

/* Begin PBXFrameworksBuildPhase section */
		AA697DD2257F46EC00F76AEF /* Frameworks */ = {
			isa = PBXFrameworksBuildPhase;
			buildActionMask = 2147483647;
			files = (
				E136B3B0C0F6B5122585ED07 /* Pods_SensorV001.framework in Frameworks */,
			);
			runOnlyForDeploymentPostprocessing = 0;
		};
/* End PBXFrameworksBuildPhase section */

/* Begin PBXGroup section */
		2FA47A675CC0F1977E32C6E0 /* Frameworks */ = {
			isa = PBXGroup;
			children = (
				BB107CBFB38C62B50DF21158 /* Pods_SensorV001.framework */,
			);
			name = Frameworks;
			sourceTree = "<group>";
		};
		8C01E73485E2B4E49A3EB049 /* Pods */ = {
			isa = PBXGroup;
			children = (
				ACADC0BEBC1BEF9C03A39E53 /* Pods-SensorV001.debug.xcconfig */,
				B22957370AB4057AAFC0EFE5 /* Pods-SensorV001.release.xcconfig */,
			);
			path = Pods;
			sourceTree = "<group>";
		};
		AA697DCC257F46EC00F76AEF = {
			isa = PBXGroup;
			children = (
				AA697DD7257F46EC00F76AEF /* SensorV001 */,
				AA697DD6257F46EC00F76AEF /* Products */,
				8C01E73485E2B4E49A3EB049 /* Pods */,
				2FA47A675CC0F1977E32C6E0 /* Frameworks */,
			);
			sourceTree = "<group>";
		};
		AA697DD6257F46EC00F76AEF /* Products */ = {
			isa = PBXGroup;
			children = (
				AA697DD5257F46EC00F76AEF /* SensorV001.app */,
			);
			name = Products;
			sourceTree = "<group>";
		};
		AA697DD7257F46EC00F76AEF /* SensorV001 */ = {
			isa = PBXGroup;
			children = (
				AA697DD8257F46EC00F76AEF /* AppDelegate.swift */,
				AA697DDA257F46EC00F76AEF /* SceneDelegate.swift */,
				AA697DDC257F46EC00F76AEF /* ViewController.swift */,
				AA697DDE257F46EC00F76AEF /* Main.storyboard */,
				AA697E01258053F700F76AEF /* SpeechViewController.swift */,
				AA697E042580933200F76AEF /* GoogleSheetsIntegration.swift */,
				AA982A4C25846CE200B0BDAB /* Aranet4ViewController.swift */,
				AA982A4F25846D7900B0BDAB /* LocationViewController.swift */,
				AA697DE1257F46F700F76AEF /* Assets.xcassets */,
				AA697DE3257F46F700F76AEF /* LaunchScreen.storyboard */,
				AA697DFE257F498A00F76AEF /* GoogleService-Info.plist */,
				AA697DE6257F46F700F76AEF /* Info.plist */,
			);
			path = SensorV001;
			sourceTree = "<group>";
		};
/* End PBXGroup section */

/* Begin PBXNativeTarget section */
		AA697DD4257F46EC00F76AEF /* SensorV001 */ = {
			isa = PBXNativeTarget;
			buildConfigurationList = AA697DE9257F46F700F76AEF /* Build configuration list for PBXNativeTarget "SensorV001" */;
			buildPhases = (
				1363E2013C2FEB311E82E7BB /* [CP] Check Pods Manifest.lock */,
				AA697DD1257F46EC00F76AEF /* Sources */,
				AA697DD2257F46EC00F76AEF /* Frameworks */,
				AA697DD3257F46EC00F76AEF /* Resources */,
				B6C96CCCBA2FFD146B7CF9B4 /* [CP] Embed Pods Frameworks */,
			);
			buildRules = (
			);
			dependencies = (
			);
			name = SensorV001;
			productName = SensorV001;
			productReference = AA697DD5257F46EC00F76AEF /* SensorV001.app */;
			productType = "com.apple.product-type.application";
		};
/* End PBXNativeTarget section */

/* Begin PBXProject section */
		AA697DCD257F46EC00F76AEF /* Project object */ = {
			isa = PBXProject;
			attributes = {
				LastSwiftUpdateCheck = 1220;
				LastUpgradeCheck = 1220;
				TargetAttributes = {
					AA697DD4257F46EC00F76AEF = {
						CreatedOnToolsVersion = 12.2;
					};
				};
			};
			buildConfigurationList = AA697DD0257F46EC00F76AEF /* Build configuration list for PBXProject "SensorV001" */;
			compatibilityVersion = "Xcode 9.3";
			developmentRegion = en;
			hasScannedForEncodings = 0;
			knownRegions = (
				en,
				Base,
			);
			mainGroup = AA697DCC257F46EC00F76AEF;
			productRefGroup = AA697DD6257F46EC00F76AEF /* Products */;
			projectDirPath = "";
			projectRoot = "";
			targets = (
				AA697DD4257F46EC00F76AEF /* SensorV001 */,
			);
		};
/* End PBXProject section */

/* Begin PBXResourcesBuildPhase section */
		AA697DD3257F46EC00F76AEF /* Resources */ = {
			isa = PBXResourcesBuildPhase;
			buildActionMask = 2147483647;
			files = (
				AA697DE5257F46F700F76AEF /* LaunchScreen.storyboard in Resources */,
				AA697DFF257F498A00F76AEF /* GoogleService-Info.plist in Resources */,
				AA697DE2257F46F700F76AEF /* Assets.xcassets in Resources */,
				AA697DE0257F46EC00F76AEF /* Main.storyboard in Resources */,
			);
			runOnlyForDeploymentPostprocessing = 0;
		};
/* End PBXResourcesBuildPhase section */

/* Begin PBXShellScriptBuildPhase section */
		1363E2013C2FEB311E82E7BB /* [CP] Check Pods Manifest.lock */ = {
			isa = PBXShellScriptBuildPhase;
			buildActionMask = 2147483647;
			files = (
			);
			inputFileListPaths = (
			);
			inputPaths = (
				"${PODS_PODFILE_DIR_PATH}/Podfile.lock",
				"${PODS_ROOT}/Manifest.lock",
			);
			name = "[CP] Check Pods Manifest.lock";
			outputFileListPaths = (
			);
			outputPaths = (
				"$(DERIVED_FILE_DIR)/Pods-SensorV001-checkManifestLockResult.txt",
			);
			runOnlyForDeploymentPostprocessing = 0;
			shellPath = /bin/sh;
			shellScript = "diff \"${PODS_PODFILE_DIR_PATH}/Podfile.lock\" \"${PODS_ROOT}/Manifest.lock\" > /dev/null\nif [ $? != 0 ] ; then\n    # print error to STDERR\n    echo \"error: The sandbox is not in sync with the Podfile.lock. Run 'pod install' or update your CocoaPods installation.\" >&2\n    exit 1\nfi\n# This output is used by Xcode 'outputs' to avoid re-running this script phase.\necho \"SUCCESS\" > \"${SCRIPT_OUTPUT_FILE_0}\"\n";
			showEnvVarsInLog = 0;
		};
		B6C96CCCBA2FFD146B7CF9B4 /* [CP] Embed Pods Frameworks */ = {
			isa = PBXShellScriptBuildPhase;
			buildActionMask = 2147483647;
			files = (
			);
			inputFileListPaths = (
				"${PODS_ROOT}/Target Support Files/Pods-SensorV001/Pods-SensorV001-frameworks-${CONFIGURATION}-input-files.xcfilelist",
			);
			name = "[CP] Embed Pods Frameworks";
			outputFileListPaths = (
				"${PODS_ROOT}/Target Support Files/Pods-SensorV001/Pods-SensorV001-frameworks-${CONFIGURATION}-output-files.xcfilelist",
			);
			runOnlyForDeploymentPostprocessing = 0;
			shellPath = /bin/sh;
			shellScript = "\"${PODS_ROOT}/Target Support Files/Pods-SensorV001/Pods-SensorV001-frameworks.sh\"\n";
			showEnvVarsInLog = 0;
		};
/* End PBXShellScriptBuildPhase section */

/* Begin PBXSourcesBuildPhase section */
		AA697DD1257F46EC00F76AEF /* Sources */ = {
			isa = PBXSourcesBuildPhase;
			buildActionMask = 2147483647;
			files = (
				AA697E02258053F700F76AEF /* SpeechViewController.swift in Sources */,
				AA697DDD257F46EC00F76AEF /* ViewController.swift in Sources */,
				AA982A4D25846CE200B0BDAB /* Aranet4ViewController.swift in Sources */,
				AA982A5025846D7900B0BDAB /* LocationViewController.swift in Sources */,
				AA697E052580933200F76AEF /* GoogleSheetsIntegration.swift in Sources */,
				AA697DD9257F46EC00F76AEF /* AppDelegate.swift in Sources */,
				AA697DDB257F46EC00F76AEF /* SceneDelegate.swift in Sources */,
			);
			runOnlyForDeploymentPostprocessing = 0;
		};
/* End PBXSourcesBuildPhase section */

/* Begin PBXVariantGroup section */
		AA697DDE257F46EC00F76AEF /* Main.storyboard */ = {
			isa = PBXVariantGroup;
			children = (
				AA697DDF257F46EC00F76AEF /* Base */,
			);
			name = Main.storyboard;
			sourceTree = "<group>";
		};
		AA697DE3257F46F700F76AEF /* LaunchScreen.storyboard */ = {
			isa = PBXVariantGroup;
			children = (
				AA697DE4257F46F700F76AEF /* Base */,
			);
			name = LaunchScreen.storyboard;
			sourceTree = "<group>";
		};
/* End PBXVariantGroup section */

/* Begin XCBuildConfiguration section */
		AA697DE7257F46F700F76AEF /* Debug */ = {
			isa = XCBuildConfiguration;
			buildSettings = {
				ALWAYS_SEARCH_USER_PATHS = NO;
				CLANG_ANALYZER_NONNULL = YES;
				CLANG_ANALYZER_NUMBER_OBJECT_CONVERSION = YES_AGGRESSIVE;
				CLANG_CXX_LANGUAGE_STANDARD = "gnu++14";
				CLANG_CXX_LIBRARY = "libc++";
				CLANG_ENABLE_MODULES = YES;
				CLANG_ENABLE_OBJC_ARC = YES;
				CLANG_ENABLE_OBJC_WEAK = YES;
				CLANG_WARN_BLOCK_CAPTURE_AUTORELEASING = YES;
				CLANG_WARN_BOOL_CONVERSION = YES;
				CLANG_WARN_COMMA = YES;
				CLANG_WARN_CONSTANT_CONVERSION = YES;
				CLANG_WARN_DEPRECATED_OBJC_IMPLEMENTATIONS = YES;
				CLANG_WARN_DIRECT_OBJC_ISA_USAGE = YES_ERROR;
				CLANG_WARN_DOCUMENTATION_COMMENTS = YES;
				CLANG_WARN_EMPTY_BODY = YES;
				CLANG_WARN_ENUM_CONVERSION = YES;
				CLANG_WARN_INFINITE_RECURSION = YES;
				CLANG_WARN_INT_CONVERSION = YES;
				CLANG_WARN_NON_LITERAL_NULL_CONVERSION = YES;
				CLANG_WARN_OBJC_IMPLICIT_RETAIN_SELF = YES;
				CLANG_WARN_OBJC_LITERAL_CONVERSION = YES;
				CLANG_WARN_OBJC_ROOT_CLASS = YES_ERROR;
				CLANG_WARN_QUOTED_INCLUDE_IN_FRAMEWORK_HEADER = YES;
				CLANG_WARN_RANGE_LOOP_ANALYSIS = YES;
				CLANG_WARN_STRICT_PROTOTYPES = YES;
				CLANG_WARN_SUSPICIOUS_MOVE = YES;
				CLANG_WARN_UNGUARDED_AVAILABILITY = YES_AGGRESSIVE;
				CLANG_WARN_UNREACHABLE_CODE = YES;
				CLANG_WARN__DUPLICATE_METHOD_MATCH = YES;
				COPY_PHASE_STRIP = NO;
				DEBUG_INFORMATION_FORMAT = dwarf;
				ENABLE_STRICT_OBJC_MSGSEND = YES;
				ENABLE_TESTABILITY = YES;
				GCC_C_LANGUAGE_STANDARD = gnu11;
				GCC_DYNAMIC_NO_PIC = NO;
				GCC_NO_COMMON_BLOCKS = YES;
				GCC_OPTIMIZATION_LEVEL = 0;
				GCC_PREPROCESSOR_DEFINITIONS = (
					"DEBUG=1",
					"$(inherited)",
				);
				GCC_WARN_64_TO_32_BIT_CONVERSION = YES;
				GCC_WARN_ABOUT_RETURN_TYPE = YES_ERROR;
				GCC_WARN_UNDECLARED_SELECTOR = YES;
				GCC_WARN_UNINITIALIZED_AUTOS = YES_AGGRESSIVE;
				GCC_WARN_UNUSED_FUNCTION = YES;
				GCC_WARN_UNUSED_VARIABLE = YES;
				IPHONEOS_DEPLOYMENT_TARGET = 14.2;
				MTL_ENABLE_DEBUG_INFO = INCLUDE_SOURCE;
				MTL_FAST_MATH = YES;
				ONLY_ACTIVE_ARCH = YES;
				SDKROOT = iphoneos;
				SWIFT_ACTIVE_COMPILATION_CONDITIONS = DEBUG;
				SWIFT_OPTIMIZATION_LEVEL = "-Onone";
			};
			name = Debug;
		};
		AA697DE8257F46F700F76AEF /* Release */ = {
			isa = XCBuildConfiguration;
			buildSettings = {
				ALWAYS_SEARCH_USER_PATHS = NO;
				CLANG_ANALYZER_NONNULL = YES;
				CLANG_ANALYZER_NUMBER_OBJECT_CONVERSION = YES_AGGRESSIVE;
				CLANG_CXX_LANGUAGE_STANDARD = "gnu++14";
				CLANG_CXX_LIBRARY = "libc++";
				CLANG_ENABLE_MODULES = YES;
				CLANG_ENABLE_OBJC_ARC = YES;
				CLANG_ENABLE_OBJC_WEAK = YES;
				CLANG_WARN_BLOCK_CAPTURE_AUTORELEASING = YES;
				CLANG_WARN_BOOL_CONVERSION = YES;
				CLANG_WARN_COMMA = YES;
				CLANG_WARN_CONSTANT_CONVERSION = YES;
				CLANG_WARN_DEPRECATED_OBJC_IMPLEMENTATIONS = YES;
				CLANG_WARN_DIRECT_OBJC_ISA_USAGE = YES_ERROR;
				CLANG_WARN_DOCUMENTATION_COMMENTS = YES;
				CLANG_WARN_EMPTY_BODY = YES;
				CLANG_WARN_ENUM_CONVERSION = YES;
				CLANG_WARN_INFINITE_RECURSION = YES;
				CLANG_WARN_INT_CONVERSION = YES;
				CLANG_WARN_NON_LITERAL_NULL_CONVERSION = YES;
				CLANG_WARN_OBJC_IMPLICIT_RETAIN_SELF = YES;
				CLANG_WARN_OBJC_LITERAL_CONVERSION = YES;
				CLANG_WARN_OBJC_ROOT_CLASS = YES_ERROR;
				CLANG_WARN_QUOTED_INCLUDE_IN_FRAMEWORK_HEADER = YES;
				CLANG_WARN_RANGE_LOOP_ANALYSIS = YES;
				CLANG_WARN_STRICT_PROTOTYPES = YES;
				CLANG_WARN_SUSPICIOUS_MOVE = YES;
				CLANG_WARN_UNGUARDED_AVAILABILITY = YES_AGGRESSIVE;
				CLANG_WARN_UNREACHABLE_CODE = YES;
				CLANG_WARN__DUPLICATE_METHOD_MATCH = YES;
				COPY_PHASE_STRIP = NO;
				DEBUG_INFORMATION_FORMAT = "dwarf-with-dsym";
				ENABLE_NS_ASSERTIONS = NO;
				ENABLE_STRICT_OBJC_MSGSEND = YES;
				GCC_C_LANGUAGE_STANDARD = gnu11;
				GCC_NO_COMMON_BLOCKS = YES;
				GCC_WARN_64_TO_32_BIT_CONVERSION = YES;
				GCC_WARN_ABOUT_RETURN_TYPE = YES_ERROR;
				GCC_WARN_UNDECLARED_SELECTOR = YES;
				GCC_WARN_UNINITIALIZED_AUTOS = YES_AGGRESSIVE;
				GCC_WARN_UNUSED_FUNCTION = YES;
				GCC_WARN_UNUSED_VARIABLE = YES;
				IPHONEOS_DEPLOYMENT_TARGET = 14.2;
				MTL_ENABLE_DEBUG_INFO = NO;
				MTL_FAST_MATH = YES;
				SDKROOT = iphoneos;
				SWIFT_COMPILATION_MODE = wholemodule;
				SWIFT_OPTIMIZATION_LEVEL = "-O";
				VALIDATE_PRODUCT = YES;
			};
			name = Release;
		};
		AA697DEA257F46F700F76AEF /* Debug */ = {
			isa = XCBuildConfiguration;
			baseConfigurationReference = ACADC0BEBC1BEF9C03A39E53 /* Pods-SensorV001.debug.xcconfig */;
			buildSettings = {
				ASSETCATALOG_COMPILER_APPICON_NAME = AppIcon;
				ASSETCATALOG_COMPILER_GLOBAL_ACCENT_COLOR_NAME = AccentColor;
				CODE_SIGN_STYLE = Automatic;
				DEVELOPMENT_TEAM = U4WHYADYH2;
				INFOPLIST_FILE = SensorV001/Info.plist;
				LD_RUNPATH_SEARCH_PATHS = (
					"$(inherited)",
					"@executable_path/Frameworks",
				);
				PRODUCT_BUNDLE_IDENTIFIER = world.aiclub.SensorV001;
				PRODUCT_NAME = "$(TARGET_NAME)";
				SWIFT_VERSION = 5.0;
				TARGETED_DEVICE_FAMILY = "1,2";
			};
			name = Debug;
		};
		AA697DEB257F46F700F76AEF /* Release */ = {
			isa = XCBuildConfiguration;
			baseConfigurationReference = B22957370AB4057AAFC0EFE5 /* Pods-SensorV001.release.xcconfig */;
			buildSettings = {
				ASSETCATALOG_COMPILER_APPICON_NAME = AppIcon;
				ASSETCATALOG_COMPILER_GLOBAL_ACCENT_COLOR_NAME = AccentColor;
				CODE_SIGN_STYLE = Automatic;
				DEVELOPMENT_TEAM = U4WHYADYH2;
				INFOPLIST_FILE = SensorV001/Info.plist;
				LD_RUNPATH_SEARCH_PATHS = (
					"$(inherited)",
					"@executable_path/Frameworks",
				);
				PRODUCT_BUNDLE_IDENTIFIER = world.aiclub.SensorV001;
				PRODUCT_NAME = "$(TARGET_NAME)";
				SWIFT_VERSION = 5.0;
				TARGETED_DEVICE_FAMILY = "1,2";
			};
			name = Release;
		};
/* End XCBuildConfiguration section */

/* Begin XCConfigurationList section */
		AA697DD0257F46EC00F76AEF /* Build configuration list for PBXProject "SensorV001" */ = {
			isa = XCConfigurationList;
			buildConfigurations = (
				AA697DE7257F46F700F76AEF /* Debug */,
				AA697DE8257F46F700F76AEF /* Release */,
			);
			defaultConfigurationIsVisible = 0;
			defaultConfigurationName = Release;
		};
		AA697DE9257F46F700F76AEF /* Build configuration list for PBXNativeTarget "SensorV001" */ = {
			isa = XCConfigurationList;
			buildConfigurations = (
				AA697DEA257F46F700F76AEF /* Debug */,
				AA697DEB257F46F700F76AEF /* Release */,
			);
			defaultConfigurationIsVisible = 0;
			defaultConfigurationName = Release;
		};
/* End XCConfigurationList section */
	};
	rootObject = AA697DCD257F46EC00F76AEF /* Project object */;
}
